
Microsoft Visual Studio Solution File, Format Version 12.00
# Visual Studio Version 17
VisualStudioVersion = 17.7.34018.315
MinimumVisualStudioVersion = 10.0.40219.1
Project("{9A19103F-16F7-4668-BE54-9A1E7A4F7556}") = "LevelPlus", "LevelPlus.csproj", "{6635C6A4-1BF5-490D-BDB1-E1CF57E15E41}"
EndProject
Global
	GlobalSection(SolutionConfigurationPlatforms) = preSolution
		Debug|Any CPU = Debug|Any CPU
		Debug|x64 = Debug|x64
		Release|Any CPU = Release|Any CPU
		Release|x64 = Release|x64
	EndGlobalSection
	GlobalSection(ProjectConfigurationPlatforms) = postSolution
		{6635C6A4-1BF5-490D-BDB1-E1CF57E15E41}.Debug|Any CPU.ActiveCfg = Debug|Any CPU
		{6635C6A4-1BF5-490D-BDB1-E1CF57E15E41}.Debug|Any CPU.Build.0 = Debug|Any CPU
		{6635C6A4-1BF5-490D-BDB1-E1CF57E15E41}.Debug|x64.ActiveCfg = Debug|x64
		{6635C6A4-1BF5-490D-BDB1-E1CF57E15E41}.Debug|x64.Build.0 = Debug|x64
		{6635C6A4-1BF5-490D-BDB1-E1CF57E15E41}.Release|Any CPU.ActiveCfg = Release|Any CPU
		{6635C6A4-1BF5-490D-BDB1-E1CF57E15E41}.Release|Any CPU.Build.0 = Release|Any CPU
		{6635C6A4-1BF5-490D-BDB1-E1CF57E15E41}.Release|x64.ActiveCfg = Release|x64
		{6635C6A4-1BF5-490D-BDB1-E1CF57E15E41}.Release|x64.Build.0 = Release|x64
	EndGlobalSection
	GlobalSection(SolutionProperties) = preSolution
		HideSolutionNode = FALSE
	EndGlobalSection
	GlobalSection(ExtensibilityGlobals) = postSolution
		SolutionGuid = {DF738C79-0E55-43FF-A0F7-C56E084FE9F3}
	EndGlobalSection
EndGlobal
